
Microsoft Visual Studio Solution File, Format Version 12.00
# Visual Studio Version 17
VisualStudioVersion = 17.12.35527.113
MinimumVisualStudioVersion = 10.0.40219.1
Project("{FAE04EC0-301F-11D3-BF4B-00C04F79EFBC}") = "xUnitWebApplication", "xUnitWebApplication\xUnitWebApplication.csproj", "{13B1954A-6FB8-41EE-BBC3-9170B0BFDE1C}"
EndProject
Project("{FAE04EC0-301F-11D3-BF4B-00C04F79EFBC}") = "xUnitWebApplication.Tests", "xUnitWebApplication.Tests\xUnitWebApplication.Tests.csproj", "{7C025653-419B-4998-B26F-9144EFC2750D}"
EndProject
Global
	GlobalSection(SolutionConfigurationPlatforms) = preSolution
		Debug|Any CPU = Debug|Any CPU
		Release|Any CPU = Release|Any CPU
	EndGlobalSection
	GlobalSection(ProjectConfigurationPlatforms) = postSolution
		{13B1954A-6FB8-41EE-BBC3-9170B0BFDE1C}.Debug|Any CPU.ActiveCfg = Debug|Any CPU
		{13B1954A-6FB8-41EE-BBC3-9170B0BFDE1C}.Debug|Any CPU.Build.0 = Debug|Any CPU
		{13B1954A-6FB8-41EE-BBC3-9170B0BFDE1C}.Release|Any CPU.ActiveCfg = Release|Any CPU
		{13B1954A-6FB8-41EE-BBC3-9170B0BFDE1C}.Release|Any CPU.Build.0 = Release|Any CPU
		{7C025653-419B-4998-B26F-9144EFC2750D}.Debug|Any CPU.ActiveCfg = Debug|Any CPU
		{7C025653-419B-4998-B26F-9144EFC2750D}.Debug|Any CPU.Build.0 = Debug|Any CPU
		{7C025653-419B-4998-B26F-9144EFC2750D}.Release|Any CPU.ActiveCfg = Release|Any CPU
		{7C025653-419B-4998-B26F-9144EFC2750D}.Release|Any CPU.Build.0 = Release|Any CPU
	EndGlobalSection
	GlobalSection(SolutionProperties) = preSolution
		HideSolutionNode = FALSE
	EndGlobalSection
EndGlobal
